// !$*UTF8*$!
{
	archiveVersion = 1;
	classes = {
	};
	objectVersion = 56;
	objects = {

/* Begin PBXBuildFile section */
		781C5F7D28F5F2810022C8F3 /* CHIPageControllable.swift in Sources */ = {isa = PBXBuildFile; fileRef = 781C5F7928F5F2810022C8F3 /* CHIPageControllable.swift */; };
		781C5F7E28F5F2810022C8F3 /* CHIBasePageControl.swift in Sources */ = {isa = PBXBuildFile; fileRef = 781C5F7A28F5F2810022C8F3 /* CHIBasePageControl.swift */; };
		781C5F7F28F5F2810022C8F3 /* CHILayer.swift in Sources */ = {isa = PBXBuildFile; fileRef = 781C5F7B28F5F2810022C8F3 /* CHILayer.swift */; };
		781C5F8028F5F2810022C8F3 /* CHIPageControlJaloro.swift in Sources */ = {isa = PBXBuildFile; fileRef = 781C5F7C28F5F2810022C8F3 /* CHIPageControlJaloro.swift */; };
		782728AF29597C1700049436 /* UserDefaultManager.swift in Sources */ = {isa = PBXBuildFile; fileRef = 782728AE29597C1700049436 /* UserDefaultManager.swift */; };
		78277E8129669768004CFDF4 /* CatSDKTattoo.swift in Sources */ = {isa = PBXBuildFile; fileRef = 78277E8029669768004CFDF4 /* CatSDKTattoo.swift */; };
		7867504629276E81005139ED /* LoginDTO.swift in Sources */ = {isa = PBXBuildFile; fileRef = 7867504529276E81005139ED /* LoginDTO.swift */; };
		786750482927781E005139ED /* UpdateNicknameDTO.swift in Sources */ = {isa = PBXBuildFile; fileRef = 786750472927781E005139ED /* UpdateNicknameDTO.swift */; };
		7867504A29277833005139ED /* UpdateRoleDTO.swift in Sources */ = {isa = PBXBuildFile; fileRef = 7867504929277833005139ED /* UpdateRoleDTO.swift */; };
		7867504C2927784B005139ED /* UpdateAddressDTO.swift in Sources */ = {isa = PBXBuildFile; fileRef = 7867504B2927784B005139ED /* UpdateAddressDTO.swift */; };
		7867504F29277899005139ED /* LoginAPI.swift in Sources */ = {isa = PBXBuildFile; fileRef = 7867504E29277899005139ED /* LoginAPI.swift */; };
		7867505129277910005139ED /* UpdateRoleAPI.swift in Sources */ = {isa = PBXBuildFile; fileRef = 7867505029277910005139ED /* UpdateRoleAPI.swift */; };
		7867505329277923005139ED /* UpdateNicknameAPI.swift in Sources */ = {isa = PBXBuildFile; fileRef = 7867505229277923005139ED /* UpdateNicknameAPI.swift */; };
		786750552927792F005139ED /* UpdateAddressAPI.swift in Sources */ = {isa = PBXBuildFile; fileRef = 786750542927792F005139ED /* UpdateAddressAPI.swift */; };
		786750582929FE48005139ED /* CatSDKNetworkUser.swift in Sources */ = {isa = PBXBuildFile; fileRef = 786750572929FE48005139ED /* CatSDKNetworkUser.swift */; };
		787D580B293CC26000A3E610 /* KakaoSDK in Frameworks */ = {isa = PBXBuildFile; productRef = 787D580A293CC26000A3E610 /* KakaoSDK */; };
		787D580D293CC26000A3E610 /* KakaoSDKAuth in Frameworks */ = {isa = PBXBuildFile; productRef = 787D580C293CC26000A3E610 /* KakaoSDKAuth */; };
		787D580F293CC26000A3E610 /* KakaoSDKCommon in Frameworks */ = {isa = PBXBuildFile; productRef = 787D580E293CC26000A3E610 /* KakaoSDKCommon */; };
		787D5811293CC26000A3E610 /* KakaoSDKUser in Frameworks */ = {isa = PBXBuildFile; productRef = 787D5810293CC26000A3E610 /* KakaoSDKUser */; };
		787D5814293CC27600A3E610 /* RxKakaoSDK in Frameworks */ = {isa = PBXBuildFile; productRef = 787D5813293CC27600A3E610 /* RxKakaoSDK */; };
		787D5816293CC27600A3E610 /* RxKakaoSDKAuth in Frameworks */ = {isa = PBXBuildFile; productRef = 787D5815293CC27600A3E610 /* RxKakaoSDKAuth */; };
		787D5818293CC27600A3E610 /* RxKakaoSDKCommon in Frameworks */ = {isa = PBXBuildFile; productRef = 787D5817293CC27600A3E610 /* RxKakaoSDKCommon */; };
		787D581A293CC27600A3E610 /* RxKakaoSDKUser in Frameworks */ = {isa = PBXBuildFile; productRef = 787D5819293CC27600A3E610 /* RxKakaoSDKUser */; };
		78C8D3FD2937A2AD006A4DF5 /* UserModel.swift in Sources */ = {isa = PBXBuildFile; fileRef = 78C8D3FC2937A2AD006A4DF5 /* UserModel.swift */; };
		78C8D4092937B0C8006A4DF5 /* BlackCatSocialLoginSDK.swift in Sources */ = {isa = PBXBuildFile; fileRef = 78C8D4082937B0C8006A4DF5 /* BlackCatSocialLoginSDK.swift */; };
		78C8D40C2937B188006A4DF5 /* CatSDKUser.swift in Sources */ = {isa = PBXBuildFile; fileRef = 78C8D40B2937B188006A4DF5 /* CatSDKUser.swift */; };
		78C8D440293BA098006A4DF5 /* BlackCatKEY.framework in Frameworks */ = {isa = PBXBuildFile; fileRef = 78C8D43F293BA098006A4DF5 /* BlackCatKEY.framework */; };
		78C8D441293BA098006A4DF5 /* BlackCatKEY.framework in Embed Frameworks */ = {isa = PBXBuildFile; fileRef = 78C8D43F293BA098006A4DF5 /* BlackCatKEY.framework */; settings = {ATTRIBUTES = (CodeSignOnCopy, RemoveHeadersOnCopy, ); }; };
		8E361A3D291A186600785F62 /* CategoryListDTO.swift in Sources */ = {isa = PBXBuildFile; fileRef = 8E361A3C291A186600785F62 /* CategoryListDTO.swift */; };
		8E361A3F291A198E00785F62 /* CatSDKNetworkCategory.swift in Sources */ = {isa = PBXBuildFile; fileRef = 8E361A3E291A198E00785F62 /* CatSDKNetworkCategory.swift */; };
		8E361A41291A1B6F00785F62 /* CategoryModel.swift in Sources */ = {isa = PBXBuildFile; fileRef = 8E361A40291A1B6F00785F62 /* CategoryModel.swift */; };
		8E361A43291A1C2F00785F62 /* CategoryListAPI.swift in Sources */ = {isa = PBXBuildFile; fileRef = 8E361A42291A1C2F00785F62 /* CategoryListAPI.swift */; };
		8E361A47291A2FEC00785F62 /* NetworkService+Rx.swift in Sources */ = {isa = PBXBuildFile; fileRef = 8E361A46291A2FEC00785F62 /* NetworkService+Rx.swift */; };
		8E361A49291A306700785F62 /* NetworkError.swift in Sources */ = {isa = PBXBuildFile; fileRef = 8E361A48291A306700785F62 /* NetworkError.swift */; };
		8E361A4B291A363D00785F62 /* CatSDKNetworkable.swift in Sources */ = {isa = PBXBuildFile; fileRef = 8E361A4A291A363D00785F62 /* CatSDKNetworkable.swift */; };
		8E361A4F291A3E3900785F62 /* CatSDKNetworkMagazine.swift in Sources */ = {isa = PBXBuildFile; fileRef = 8E361A4E291A3E3900785F62 /* CatSDKNetworkMagazine.swift */; };
		8E361A53291A3F1100785F62 /* MagazineListDTO.swift in Sources */ = {isa = PBXBuildFile; fileRef = 8E361A52291A3F1100785F62 /* MagazineListDTO.swift */; };
		8E361A56291A436C00785F62 /* MagazineListAPI.swift in Sources */ = {isa = PBXBuildFile; fileRef = 8E361A55291A436C00785F62 /* MagazineListAPI.swift */; };
		8E361A59291A441500785F62 /* MagazineModel.swift in Sources */ = {isa = PBXBuildFile; fileRef = 8E361A58291A441500785F62 /* MagazineModel.swift */; };
		8E361A5D291A470400785F62 /* MagazineDetailAPI.swift in Sources */ = {isa = PBXBuildFile; fileRef = 8E361A5C291A470400785F62 /* MagazineDetailAPI.swift */; };
		8E361A5F291A478100785F62 /* MagazineDetailDTO.swift in Sources */ = {isa = PBXBuildFile; fileRef = 8E361A5E291A478100785F62 /* MagazineDetailDTO.swift */; };
		8E361A61291A491900785F62 /* MagazineDetail.swift in Sources */ = {isa = PBXBuildFile; fileRef = 8E361A60291A491900785F62 /* MagazineDetail.swift */; };
		8E361A63291A4DBB00785F62 /* PostMagazineAPI.swift in Sources */ = {isa = PBXBuildFile; fileRef = 8E361A62291A4DBB00785F62 /* PostMagazineAPI.swift */; };
		8E361A65291A4F7400785F62 /* PostMagazineDTO.swift in Sources */ = {isa = PBXBuildFile; fileRef = 8E361A64291A4F7400785F62 /* PostMagazineDTO.swift */; };
		8E361A67291A530600785F62 /* CreateMagazine.swift in Sources */ = {isa = PBXBuildFile; fileRef = 8E361A66291A530600785F62 /* CreateMagazine.swift */; };
		8E49917128F5206F00742533 /* Moya in Frameworks */ = {isa = PBXBuildFile; productRef = 8E49917028F5206F00742533 /* Moya */; };
		8E49917328F5206F00742533 /* ReactiveMoya in Frameworks */ = {isa = PBXBuildFile; productRef = 8E49917228F5206F00742533 /* ReactiveMoya */; };
		8E49917528F5206F00742533 /* RxMoya in Frameworks */ = {isa = PBXBuildFile; productRef = 8E49917428F5206F00742533 /* RxMoya */; };
		8E6D08FC28FBACB600600774 /* MockModel.swift in Sources */ = {isa = PBXBuildFile; fileRef = 8E6D08FB28FBACB600600774 /* MockModel.swift */; };
		8E6D090028FBADE500600774 /* RealmServiceTests.swift in Sources */ = {isa = PBXBuildFile; fileRef = 8E6D08FF28FBADE500600774 /* RealmServiceTests.swift */; };
		8E7E9CB2291B600D00D09157 /* CatSDKNetworkTattoo.swift in Sources */ = {isa = PBXBuildFile; fileRef = 8E7E9CB1291B600D00D09157 /* CatSDKNetworkTattoo.swift */; };
		8E7E9CB5291B60C400D09157 /* TattooListDTO.swift in Sources */ = {isa = PBXBuildFile; fileRef = 8E7E9CB4291B60C400D09157 /* TattooListDTO.swift */; };
		8E7E9CB8291B60E300D09157 /* TattooListAPI.swift in Sources */ = {isa = PBXBuildFile; fileRef = 8E7E9CB7291B60E300D09157 /* TattooListAPI.swift */; };
		8E7E9CBC291B792600D09157 /* PostTattooDTO.swift in Sources */ = {isa = PBXBuildFile; fileRef = 8E7E9CBB291B792600D09157 /* PostTattooDTO.swift */; };
		8E7E9CBE291B79F500D09157 /* PostTattooAPI.swift in Sources */ = {isa = PBXBuildFile; fileRef = 8E7E9CBD291B79F500D09157 /* PostTattooAPI.swift */; };
		8E7E9CC1291B861000D09157 /* AddressSearchAPI.swift in Sources */ = {isa = PBXBuildFile; fileRef = 8E7E9CC0291B861000D09157 /* AddressSearchAPI.swift */; };
		8E7E9CC4291B866800D09157 /* AddressSearchDTO.swift in Sources */ = {isa = PBXBuildFile; fileRef = 8E7E9CC3291B866800D09157 /* AddressSearchDTO.swift */; };
		8E7E9CC7291B9D6B00D09157 /* TattooModel.swift in Sources */ = {isa = PBXBuildFile; fileRef = 8E7E9CC6291B9D6B00D09157 /* TattooModel.swift */; };
		8E7E9CC9291BB89000D09157 /* TattooInSpecificCategoryAPI.swift in Sources */ = {isa = PBXBuildFile; fileRef = 8E7E9CC8291BB89000D09157 /* TattooInSpecificCategoryAPI.swift */; };
		8E7E9CCD291BBCDB00D09157 /* AddressModel.swift in Sources */ = {isa = PBXBuildFile; fileRef = 8E7E9CCC291BBCDB00D09157 /* AddressModel.swift */; };
		8E7E9CCF291BBD0F00D09157 /* CatSDKNetworkAddress.swift in Sources */ = {isa = PBXBuildFile; fileRef = 8E7E9CCE291BBD0F00D09157 /* CatSDKNetworkAddress.swift */; };
		8E88488F2949D5110039F99A /* PostTattooModel.swift in Sources */ = {isa = PBXBuildFile; fileRef = 8E88488E2949D5110039F99A /* PostTattooModel.swift */; };
		8EC953BB28EB25DA00E239CC /* BlackCatSDK.framework in Frameworks */ = {isa = PBXBuildFile; fileRef = 8EC953B028EB25DA00E239CC /* BlackCatSDK.framework */; };
		8EC953C028EB25DA00E239CC /* BlackCatSDKTests.swift in Sources */ = {isa = PBXBuildFile; fileRef = 8EC953BF28EB25DA00E239CC /* BlackCatSDKTests.swift */; };
		8EC953C128EB25DA00E239CC /* BlackCatSDK.h in Headers */ = {isa = PBXBuildFile; fileRef = 8EC953B328EB25DA00E239CC /* BlackCatSDK.h */; settings = {ATTRIBUTES = (Public, ); }; };
		8EC953CB28EB25E500E239CC /* BlackCatSDK.swift in Sources */ = {isa = PBXBuildFile; fileRef = 8EC953CA28EB25E500E239CC /* BlackCatSDK.swift */; };
		8ECB3A5E297E380200C140D3 /* BookmarkListUserLikedAPI.swift in Sources */ = {isa = PBXBuildFile; fileRef = 8ECB3A5D297E380200C140D3 /* BookmarkListUserLikedAPI.swift */; };
		8ECB3A61297E384700C140D3 /* BookmarkListUserLikedDTO.swift in Sources */ = {isa = PBXBuildFile; fileRef = 8ECB3A60297E384700C140D3 /* BookmarkListUserLikedDTO.swift */; };
		8ECB3A65297E3C9A00C140D3 /* CatSDKNetworkBookmark.swift in Sources */ = {isa = PBXBuildFile; fileRef = 8ECB3A64297E3C9A00C140D3 /* CatSDKNetworkBookmark.swift */; };
		8ECB3A67297E3D7C00C140D3 /* TattooBookmarkModel.swift in Sources */ = {isa = PBXBuildFile; fileRef = 8ECB3A66297E3D7C00C140D3 /* TattooBookmarkModel.swift */; };
		8EE81FA128F424BB001DB7E1 /* Model.swift in Sources */ = {isa = PBXBuildFile; fileRef = 8EE81FA028F424BB001DB7E1 /* Model.swift */; };
		8EE81FAA28F43250001DB7E1 /* DTOConverter.swift in Sources */ = {isa = PBXBuildFile; fileRef = 8EE81FA928F43250001DB7E1 /* DTOConverter.swift */; };
		8EE9A0DE28F3FCF2003D7761 /* NetworkService.swift in Sources */ = {isa = PBXBuildFile; fileRef = 8EE9A0DD28F3FCF2003D7761 /* NetworkService.swift */; };
		8EE9A0E028F3FEBF003D7761 /* DTO.swift in Sources */ = {isa = PBXBuildFile; fileRef = 8EE9A0DF28F3FEBF003D7761 /* DTO.swift */; };
		8EE9A0E728F40388003D7761 /* ServiceAPI.swift in Sources */ = {isa = PBXBuildFile; fileRef = 8EE9A0E628F40388003D7761 /* ServiceAPI.swift */; };
		B1BCF5E828FC3A16005B6297 /* RxCocoa in Frameworks */ = {isa = PBXBuildFile; productRef = B1BCF5E728FC3A16005B6297 /* RxCocoa */; };
		B1BCF5EA28FC3A16005B6297 /* RxRelay in Frameworks */ = {isa = PBXBuildFile; productRef = B1BCF5E928FC3A16005B6297 /* RxRelay */; };
		B1BCF5EC28FC3A16005B6297 /* RxSwift in Frameworks */ = {isa = PBXBuildFile; productRef = B1BCF5EB28FC3A16005B6297 /* RxSwift */; };
		B1D3362D28F1C92F00826636 /* ReusableCell.swift in Sources */ = {isa = PBXBuildFile; fileRef = B1D3362C28F1C92F00826636 /* ReusableCell.swift */; };
		B1D3362F28F1C95500826636 /* UICollectionView+ReusableKit.swift in Sources */ = {isa = PBXBuildFile; fileRef = B1D3362E28F1C95500826636 /* UICollectionView+ReusableKit.swift */; };
		B1D3363128F1C97700826636 /* UITableView+ReusableKit.swift in Sources */ = {isa = PBXBuildFile; fileRef = B1D3363028F1C97700826636 /* UITableView+ReusableKit.swift */; };
		B1D3363328F1C98C00826636 /* UICollectionView+RxReusableKit.swift in Sources */ = {isa = PBXBuildFile; fileRef = B1D3363228F1C98C00826636 /* UICollectionView+RxReusableKit.swift */; };
		B1D3363528F1C9AC00826636 /* UITableView+RxReusableKit.swift in Sources */ = {isa = PBXBuildFile; fileRef = B1D3363428F1C9AC00826636 /* UITableView+RxReusableKit.swift */; };
/* End PBXBuildFile section */

/* Begin PBXContainerItemProxy section */
		8EC953BC28EB25DA00E239CC /* PBXContainerItemProxy */ = {
			isa = PBXContainerItemProxy;
			containerPortal = 8EC953A728EB25DA00E239CC /* Project object */;
			proxyType = 1;
			remoteGlobalIDString = 8EC953AF28EB25DA00E239CC;
			remoteInfo = BlackCatSDK;
		};
/* End PBXContainerItemProxy section */

/* Begin PBXCopyFilesBuildPhase section */
		78C8D442293BA098006A4DF5 /* Embed Frameworks */ = {
			isa = PBXCopyFilesBuildPhase;
			buildActionMask = 2147483647;
			dstPath = "";
			dstSubfolderSpec = 10;
			files = (
				78C8D441293BA098006A4DF5 /* BlackCatKEY.framework in Embed Frameworks */,
			);
			name = "Embed Frameworks";
			runOnlyForDeploymentPostprocessing = 0;
		};
/* End PBXCopyFilesBuildPhase section */

/* Begin PBXFileReference section */
		781C5F7928F5F2810022C8F3 /* CHIPageControllable.swift */ = {isa = PBXFileReference; fileEncoding = 4; lastKnownFileType = sourcecode.swift; path = CHIPageControllable.swift; sourceTree = "<group>"; };
		781C5F7A28F5F2810022C8F3 /* CHIBasePageControl.swift */ = {isa = PBXFileReference; fileEncoding = 4; lastKnownFileType = sourcecode.swift; path = CHIBasePageControl.swift; sourceTree = "<group>"; };
		781C5F7B28F5F2810022C8F3 /* CHILayer.swift */ = {isa = PBXFileReference; fileEncoding = 4; lastKnownFileType = sourcecode.swift; path = CHILayer.swift; sourceTree = "<group>"; };
		781C5F7C28F5F2810022C8F3 /* CHIPageControlJaloro.swift */ = {isa = PBXFileReference; fileEncoding = 4; lastKnownFileType = sourcecode.swift; path = CHIPageControlJaloro.swift; sourceTree = "<group>"; };
		782728AE29597C1700049436 /* UserDefaultManager.swift */ = {isa = PBXFileReference; lastKnownFileType = sourcecode.swift; path = UserDefaultManager.swift; sourceTree = "<group>"; };
		78277E8029669768004CFDF4 /* CatSDKTattoo.swift */ = {isa = PBXFileReference; lastKnownFileType = sourcecode.swift; path = CatSDKTattoo.swift; sourceTree = "<group>"; };
		7867504529276E81005139ED /* LoginDTO.swift */ = {isa = PBXFileReference; lastKnownFileType = sourcecode.swift; path = LoginDTO.swift; sourceTree = "<group>"; };
		786750472927781E005139ED /* UpdateNicknameDTO.swift */ = {isa = PBXFileReference; lastKnownFileType = sourcecode.swift; path = UpdateNicknameDTO.swift; sourceTree = "<group>"; };
		7867504929277833005139ED /* UpdateRoleDTO.swift */ = {isa = PBXFileReference; lastKnownFileType = sourcecode.swift; path = UpdateRoleDTO.swift; sourceTree = "<group>"; };
		7867504B2927784B005139ED /* UpdateAddressDTO.swift */ = {isa = PBXFileReference; lastKnownFileType = sourcecode.swift; path = UpdateAddressDTO.swift; sourceTree = "<group>"; };
		7867504E29277899005139ED /* LoginAPI.swift */ = {isa = PBXFileReference; lastKnownFileType = sourcecode.swift; path = LoginAPI.swift; sourceTree = "<group>"; };
		7867505029277910005139ED /* UpdateRoleAPI.swift */ = {isa = PBXFileReference; lastKnownFileType = sourcecode.swift; path = UpdateRoleAPI.swift; sourceTree = "<group>"; };
		7867505229277923005139ED /* UpdateNicknameAPI.swift */ = {isa = PBXFileReference; lastKnownFileType = sourcecode.swift; path = UpdateNicknameAPI.swift; sourceTree = "<group>"; };
		786750542927792F005139ED /* UpdateAddressAPI.swift */ = {isa = PBXFileReference; lastKnownFileType = sourcecode.swift; path = UpdateAddressAPI.swift; sourceTree = "<group>"; };
		786750572929FE48005139ED /* CatSDKNetworkUser.swift */ = {isa = PBXFileReference; lastKnownFileType = sourcecode.swift; path = CatSDKNetworkUser.swift; sourceTree = "<group>"; };
		78C8D3FC2937A2AD006A4DF5 /* UserModel.swift */ = {isa = PBXFileReference; lastKnownFileType = sourcecode.swift; path = UserModel.swift; sourceTree = "<group>"; };
		78C8D4082937B0C8006A4DF5 /* BlackCatSocialLoginSDK.swift */ = {isa = PBXFileReference; lastKnownFileType = sourcecode.swift; path = BlackCatSocialLoginSDK.swift; sourceTree = "<group>"; };
		78C8D40B2937B188006A4DF5 /* CatSDKUser.swift */ = {isa = PBXFileReference; lastKnownFileType = sourcecode.swift; path = CatSDKUser.swift; sourceTree = "<group>"; };
		78C8D43D293B9FD8006A4DF5 /* BlackCatKEY.framework */ = {isa = PBXFileReference; explicitFileType = wrapper.framework; path = BlackCatKEY.framework; sourceTree = BUILT_PRODUCTS_DIR; };
		78C8D43F293BA098006A4DF5 /* BlackCatKEY.framework */ = {isa = PBXFileReference; explicitFileType = wrapper.framework; path = BlackCatKEY.framework; sourceTree = BUILT_PRODUCTS_DIR; };
		8E361A3C291A186600785F62 /* CategoryListDTO.swift */ = {isa = PBXFileReference; lastKnownFileType = sourcecode.swift; path = CategoryListDTO.swift; sourceTree = "<group>"; };
		8E361A3E291A198E00785F62 /* CatSDKNetworkCategory.swift */ = {isa = PBXFileReference; lastKnownFileType = sourcecode.swift; path = CatSDKNetworkCategory.swift; sourceTree = "<group>"; };
		8E361A40291A1B6F00785F62 /* CategoryModel.swift */ = {isa = PBXFileReference; lastKnownFileType = sourcecode.swift; path = CategoryModel.swift; sourceTree = "<group>"; };
		8E361A42291A1C2F00785F62 /* CategoryListAPI.swift */ = {isa = PBXFileReference; lastKnownFileType = sourcecode.swift; path = CategoryListAPI.swift; sourceTree = "<group>"; };
		8E361A46291A2FEC00785F62 /* NetworkService+Rx.swift */ = {isa = PBXFileReference; lastKnownFileType = sourcecode.swift; path = "NetworkService+Rx.swift"; sourceTree = "<group>"; };
		8E361A48291A306700785F62 /* NetworkError.swift */ = {isa = PBXFileReference; lastKnownFileType = sourcecode.swift; path = NetworkError.swift; sourceTree = "<group>"; };
		8E361A4A291A363D00785F62 /* CatSDKNetworkable.swift */ = {isa = PBXFileReference; lastKnownFileType = sourcecode.swift; path = CatSDKNetworkable.swift; sourceTree = "<group>"; };
		8E361A4E291A3E3900785F62 /* CatSDKNetworkMagazine.swift */ = {isa = PBXFileReference; lastKnownFileType = sourcecode.swift; path = CatSDKNetworkMagazine.swift; sourceTree = "<group>"; };
		8E361A52291A3F1100785F62 /* MagazineListDTO.swift */ = {isa = PBXFileReference; lastKnownFileType = sourcecode.swift; path = MagazineListDTO.swift; sourceTree = "<group>"; };
		8E361A55291A436C00785F62 /* MagazineListAPI.swift */ = {isa = PBXFileReference; lastKnownFileType = sourcecode.swift; path = MagazineListAPI.swift; sourceTree = "<group>"; };
		8E361A58291A441500785F62 /* MagazineModel.swift */ = {isa = PBXFileReference; lastKnownFileType = sourcecode.swift; path = MagazineModel.swift; sourceTree = "<group>"; };
		8E361A5C291A470400785F62 /* MagazineDetailAPI.swift */ = {isa = PBXFileReference; lastKnownFileType = sourcecode.swift; path = MagazineDetailAPI.swift; sourceTree = "<group>"; };
		8E361A5E291A478100785F62 /* MagazineDetailDTO.swift */ = {isa = PBXFileReference; lastKnownFileType = sourcecode.swift; path = MagazineDetailDTO.swift; sourceTree = "<group>"; };
		8E361A60291A491900785F62 /* MagazineDetail.swift */ = {isa = PBXFileReference; lastKnownFileType = sourcecode.swift; path = MagazineDetail.swift; sourceTree = "<group>"; };
		8E361A62291A4DBB00785F62 /* PostMagazineAPI.swift */ = {isa = PBXFileReference; lastKnownFileType = sourcecode.swift; path = PostMagazineAPI.swift; sourceTree = "<group>"; };
		8E361A64291A4F7400785F62 /* PostMagazineDTO.swift */ = {isa = PBXFileReference; lastKnownFileType = sourcecode.swift; path = PostMagazineDTO.swift; sourceTree = "<group>"; };
		8E361A66291A530600785F62 /* CreateMagazine.swift */ = {isa = PBXFileReference; lastKnownFileType = sourcecode.swift; path = CreateMagazine.swift; sourceTree = "<group>"; };
		8E6D08FB28FBACB600600774 /* MockModel.swift */ = {isa = PBXFileReference; lastKnownFileType = sourcecode.swift; path = MockModel.swift; sourceTree = "<group>"; };
		8E6D08FF28FBADE500600774 /* RealmServiceTests.swift */ = {isa = PBXFileReference; lastKnownFileType = sourcecode.swift; path = RealmServiceTests.swift; sourceTree = "<group>"; };
		8E7E9CB1291B600D00D09157 /* CatSDKNetworkTattoo.swift */ = {isa = PBXFileReference; lastKnownFileType = sourcecode.swift; path = CatSDKNetworkTattoo.swift; sourceTree = "<group>"; };
		8E7E9CB4291B60C400D09157 /* TattooListDTO.swift */ = {isa = PBXFileReference; lastKnownFileType = sourcecode.swift; path = TattooListDTO.swift; sourceTree = "<group>"; };
		8E7E9CB7291B60E300D09157 /* TattooListAPI.swift */ = {isa = PBXFileReference; lastKnownFileType = sourcecode.swift; path = TattooListAPI.swift; sourceTree = "<group>"; };
		8E7E9CBB291B792600D09157 /* PostTattooDTO.swift */ = {isa = PBXFileReference; lastKnownFileType = sourcecode.swift; path = PostTattooDTO.swift; sourceTree = "<group>"; };
		8E7E9CBD291B79F500D09157 /* PostTattooAPI.swift */ = {isa = PBXFileReference; lastKnownFileType = sourcecode.swift; path = PostTattooAPI.swift; sourceTree = "<group>"; };
		8E7E9CC0291B861000D09157 /* AddressSearchAPI.swift */ = {isa = PBXFileReference; lastKnownFileType = sourcecode.swift; path = AddressSearchAPI.swift; sourceTree = "<group>"; };
		8E7E9CC3291B866800D09157 /* AddressSearchDTO.swift */ = {isa = PBXFileReference; lastKnownFileType = sourcecode.swift; path = AddressSearchDTO.swift; sourceTree = "<group>"; };
		8E7E9CC6291B9D6B00D09157 /* TattooModel.swift */ = {isa = PBXFileReference; lastKnownFileType = sourcecode.swift; path = TattooModel.swift; sourceTree = "<group>"; };
		8E7E9CC8291BB89000D09157 /* TattooInSpecificCategoryAPI.swift */ = {isa = PBXFileReference; lastKnownFileType = sourcecode.swift; path = TattooInSpecificCategoryAPI.swift; sourceTree = "<group>"; };
		8E7E9CCC291BBCDB00D09157 /* AddressModel.swift */ = {isa = PBXFileReference; lastKnownFileType = sourcecode.swift; path = AddressModel.swift; sourceTree = "<group>"; };
		8E7E9CCE291BBD0F00D09157 /* CatSDKNetworkAddress.swift */ = {isa = PBXFileReference; lastKnownFileType = sourcecode.swift; path = CatSDKNetworkAddress.swift; sourceTree = "<group>"; };
		8E88488E2949D5110039F99A /* PostTattooModel.swift */ = {isa = PBXFileReference; lastKnownFileType = sourcecode.swift; path = PostTattooModel.swift; sourceTree = "<group>"; };
		8EC953B028EB25DA00E239CC /* BlackCatSDK.framework */ = {isa = PBXFileReference; explicitFileType = wrapper.framework; includeInIndex = 0; path = BlackCatSDK.framework; sourceTree = BUILT_PRODUCTS_DIR; };
		8EC953B328EB25DA00E239CC /* BlackCatSDK.h */ = {isa = PBXFileReference; lastKnownFileType = sourcecode.c.h; path = BlackCatSDK.h; sourceTree = "<group>"; };
		8EC953BA28EB25DA00E239CC /* BlackCatSDKTests.xctest */ = {isa = PBXFileReference; explicitFileType = wrapper.cfbundle; includeInIndex = 0; path = BlackCatSDKTests.xctest; sourceTree = BUILT_PRODUCTS_DIR; };
		8EC953BF28EB25DA00E239CC /* BlackCatSDKTests.swift */ = {isa = PBXFileReference; lastKnownFileType = sourcecode.swift; path = BlackCatSDKTests.swift; sourceTree = "<group>"; };
		8EC953CA28EB25E500E239CC /* BlackCatSDK.swift */ = {isa = PBXFileReference; lastKnownFileType = sourcecode.swift; path = BlackCatSDK.swift; sourceTree = "<group>"; };
		8ECB3A5D297E380200C140D3 /* BookmarkListUserLikedAPI.swift */ = {isa = PBXFileReference; lastKnownFileType = sourcecode.swift; path = BookmarkListUserLikedAPI.swift; sourceTree = "<group>"; };
		8ECB3A60297E384700C140D3 /* BookmarkListUserLikedDTO.swift */ = {isa = PBXFileReference; lastKnownFileType = sourcecode.swift; path = BookmarkListUserLikedDTO.swift; sourceTree = "<group>"; };
		8ECB3A64297E3C9A00C140D3 /* CatSDKNetworkBookmark.swift */ = {isa = PBXFileReference; lastKnownFileType = sourcecode.swift; path = CatSDKNetworkBookmark.swift; sourceTree = "<group>"; };
		8ECB3A66297E3D7C00C140D3 /* TattooBookmarkModel.swift */ = {isa = PBXFileReference; lastKnownFileType = sourcecode.swift; path = TattooBookmarkModel.swift; sourceTree = "<group>"; };
		8EE81FA028F424BB001DB7E1 /* Model.swift */ = {isa = PBXFileReference; lastKnownFileType = sourcecode.swift; path = Model.swift; sourceTree = "<group>"; };
		8EE81FA928F43250001DB7E1 /* DTOConverter.swift */ = {isa = PBXFileReference; lastKnownFileType = sourcecode.swift; path = DTOConverter.swift; sourceTree = "<group>"; };
		8EE9A0DD28F3FCF2003D7761 /* NetworkService.swift */ = {isa = PBXFileReference; lastKnownFileType = sourcecode.swift; path = NetworkService.swift; sourceTree = "<group>"; };
		8EE9A0DF28F3FEBF003D7761 /* DTO.swift */ = {isa = PBXFileReference; lastKnownFileType = sourcecode.swift; path = DTO.swift; sourceTree = "<group>"; };
		8EE9A0E628F40388003D7761 /* ServiceAPI.swift */ = {isa = PBXFileReference; lastKnownFileType = sourcecode.swift; path = ServiceAPI.swift; sourceTree = "<group>"; };
		B1D3362C28F1C92F00826636 /* ReusableCell.swift */ = {isa = PBXFileReference; lastKnownFileType = sourcecode.swift; path = ReusableCell.swift; sourceTree = "<group>"; };
		B1D3362E28F1C95500826636 /* UICollectionView+ReusableKit.swift */ = {isa = PBXFileReference; lastKnownFileType = sourcecode.swift; path = "UICollectionView+ReusableKit.swift"; sourceTree = "<group>"; };
		B1D3363028F1C97700826636 /* UITableView+ReusableKit.swift */ = {isa = PBXFileReference; lastKnownFileType = sourcecode.swift; path = "UITableView+ReusableKit.swift"; sourceTree = "<group>"; };
		B1D3363228F1C98C00826636 /* UICollectionView+RxReusableKit.swift */ = {isa = PBXFileReference; lastKnownFileType = sourcecode.swift; path = "UICollectionView+RxReusableKit.swift"; sourceTree = "<group>"; };
		B1D3363428F1C9AC00826636 /* UITableView+RxReusableKit.swift */ = {isa = PBXFileReference; lastKnownFileType = sourcecode.swift; path = "UITableView+RxReusableKit.swift"; sourceTree = "<group>"; };
/* End PBXFileReference section */

/* Begin PBXFrameworksBuildPhase section */
		8EC953AD28EB25DA00E239CC /* Frameworks */ = {
			isa = PBXFrameworksBuildPhase;
			buildActionMask = 2147483647;
			files = (
				78C8D440293BA098006A4DF5 /* BlackCatKEY.framework in Frameworks */,
				787D5811293CC26000A3E610 /* KakaoSDKUser in Frameworks */,
				787D580B293CC26000A3E610 /* KakaoSDK in Frameworks */,
				787D581A293CC27600A3E610 /* RxKakaoSDKUser in Frameworks */,
				B1BCF5EC28FC3A16005B6297 /* RxSwift in Frameworks */,
				B1BCF5EA28FC3A16005B6297 /* RxRelay in Frameworks */,
				787D5814293CC27600A3E610 /* RxKakaoSDK in Frameworks */,
				787D5816293CC27600A3E610 /* RxKakaoSDKAuth in Frameworks */,
				8E49917528F5206F00742533 /* RxMoya in Frameworks */,
				8E49917128F5206F00742533 /* Moya in Frameworks */,
				B1BCF5E828FC3A16005B6297 /* RxCocoa in Frameworks */,
				787D5818293CC27600A3E610 /* RxKakaoSDKCommon in Frameworks */,
				8E49917328F5206F00742533 /* ReactiveMoya in Frameworks */,
				787D580F293CC26000A3E610 /* KakaoSDKCommon in Frameworks */,
				787D580D293CC26000A3E610 /* KakaoSDKAuth in Frameworks */,
			);
			runOnlyForDeploymentPostprocessing = 0;
		};
		8EC953B728EB25DA00E239CC /* Frameworks */ = {
			isa = PBXFrameworksBuildPhase;
			buildActionMask = 2147483647;
			files = (
				8EC953BB28EB25DA00E239CC /* BlackCatSDK.framework in Frameworks */,
			);
			runOnlyForDeploymentPostprocessing = 0;
		};
/* End PBXFrameworksBuildPhase section */

/* Begin PBXGroup section */
		781C5F7728F5F2810022C8F3 /* CHIPageControl */ = {
			isa = PBXGroup;
			children = (
				781C5F7C28F5F2810022C8F3 /* CHIPageControlJaloro.swift */,
				781C5F7828F5F2810022C8F3 /* Core */,
			);
			path = CHIPageControl;
			sourceTree = "<group>";
		};
		781C5F7828F5F2810022C8F3 /* Core */ = {
			isa = PBXGroup;
			children = (
				781C5F7928F5F2810022C8F3 /* CHIPageControllable.swift */,
				781C5F7A28F5F2810022C8F3 /* CHIBasePageControl.swift */,
				781C5F7B28F5F2810022C8F3 /* CHILayer.swift */,
			);
			path = Core;
			sourceTree = "<group>";
		};
		782728AC29597C0200049436 /* CatSDKLocalStorage */ = {
			isa = PBXGroup;
			children = (
				782728AD29597C0200049436 /* UserDefault */,
			);
			path = CatSDKLocalStorage;
			sourceTree = "<group>";
		};
		782728AD29597C0200049436 /* UserDefault */ = {
			isa = PBXGroup;
			children = (
				782728AE29597C1700049436 /* UserDefaultManager.swift */,
			);
			path = UserDefault;
			sourceTree = "<group>";
		};
		78277E7F2966973F004CFDF4 /* CatSDKTattoo */ = {
			isa = PBXGroup;
			children = (
				78277E8029669768004CFDF4 /* CatSDKTattoo.swift */,
			);
			path = CatSDKTattoo;
			sourceTree = "<group>";
		};
		7867504429276E39005139ED /* UserDTOs */ = {
			isa = PBXGroup;
			children = (
				7867504529276E81005139ED /* LoginDTO.swift */,
				7867504929277833005139ED /* UpdateRoleDTO.swift */,
				786750472927781E005139ED /* UpdateNicknameDTO.swift */,
				7867504B2927784B005139ED /* UpdateAddressDTO.swift */,
			);
			path = UserDTOs;
			sourceTree = "<group>";
		};
		7867504D2927787A005139ED /* UserAPIs */ = {
			isa = PBXGroup;
			children = (
				7867504E29277899005139ED /* LoginAPI.swift */,
				7867505029277910005139ED /* UpdateRoleAPI.swift */,
				7867505229277923005139ED /* UpdateNicknameAPI.swift */,
				786750542927792F005139ED /* UpdateAddressAPI.swift */,
			);
			path = UserAPIs;
			sourceTree = "<group>";
		};
		786750562929FB59005139ED /* User */ = {
			isa = PBXGroup;
			children = (
				786750572929FE48005139ED /* CatSDKNetworkUser.swift */,
			);
			path = User;
			sourceTree = "<group>";
		};
		78C8D3FB2937A29E006A4DF5 /* UserModels */ = {
			isa = PBXGroup;
			children = (
				78C8D3FC2937A2AD006A4DF5 /* UserModel.swift */,
			);
			path = UserModels;
			sourceTree = "<group>";
		};
		78C8D4072937B07E006A4DF5 /* SocialLogin */ = {
			isa = PBXGroup;
			children = (
				78C8D4082937B0C8006A4DF5 /* BlackCatSocialLoginSDK.swift */,
			);
			path = SocialLogin;
			sourceTree = "<group>";
		};
		78C8D40A2937B142006A4DF5 /* CatSDKUser */ = {
			isa = PBXGroup;
			children = (
				78C8D40B2937B188006A4DF5 /* CatSDKUser.swift */,
			);
			path = CatSDKUser;
			sourceTree = "<group>";
		};
		78C8D439293B9F31006A4DF5 /* Frameworks */ = {
			isa = PBXGroup;
			children = (
				78C8D43F293BA098006A4DF5 /* BlackCatKEY.framework */,
				78C8D43D293B9FD8006A4DF5 /* BlackCatKEY.framework */,
			);
			name = Frameworks;
			sourceTree = "<group>";
		};
		8E361A4C291A3DEA00785F62 /* Category */ = {
			isa = PBXGroup;
			children = (
				8E361A3E291A198E00785F62 /* CatSDKNetworkCategory.swift */,
			);
			path = Category;
			sourceTree = "<group>";
		};
		8E361A4D291A3DF500785F62 /* Magazine */ = {
			isa = PBXGroup;
			children = (
				8E361A4E291A3E3900785F62 /* CatSDKNetworkMagazine.swift */,
			);
			path = Magazine;
			sourceTree = "<group>";
		};
		8E361A50291A3EE800785F62 /* CategoryDTOs */ = {
			isa = PBXGroup;
			children = (
				8E361A3C291A186600785F62 /* CategoryListDTO.swift */,
			);
			path = CategoryDTOs;
			sourceTree = "<group>";
		};
		8E361A51291A3EFA00785F62 /* MagazineDTOs */ = {
			isa = PBXGroup;
			children = (
				8E361A52291A3F1100785F62 /* MagazineListDTO.swift */,
				8E361A5E291A478100785F62 /* MagazineDetailDTO.swift */,
				8E361A64291A4F7400785F62 /* PostMagazineDTO.swift */,
			);
			path = MagazineDTOs;
			sourceTree = "<group>";
		};
		8E361A54291A435A00785F62 /* CategoryAPIs */ = {
			isa = PBXGroup;
			children = (
				8E361A42291A1C2F00785F62 /* CategoryListAPI.swift */,
			);
			path = CategoryAPIs;
			sourceTree = "<group>";
		};
		8E361A57291A440100785F62 /* CategoryModels */ = {
			isa = PBXGroup;
			children = (
				8E361A40291A1B6F00785F62 /* CategoryModel.swift */,
			);
			path = CategoryModels;
			sourceTree = "<group>";
		};
		8E361A5A291A441E00785F62 /* MagazineModels */ = {
			isa = PBXGroup;
			children = (
				8E361A58291A441500785F62 /* MagazineModel.swift */,
				8E361A60291A491900785F62 /* MagazineDetail.swift */,
				8E361A66291A530600785F62 /* CreateMagazine.swift */,
			);
			path = MagazineModels;
			sourceTree = "<group>";
		};
		8E361A5B291A46F000785F62 /* MagazineAPIs */ = {
			isa = PBXGroup;
			children = (
				8E361A55291A436C00785F62 /* MagazineListAPI.swift */,
				8E361A5C291A470400785F62 /* MagazineDetailAPI.swift */,
				8E361A62291A4DBB00785F62 /* PostMagazineAPI.swift */,
			);
			path = MagazineAPIs;
			sourceTree = "<group>";
		};
		8E361A68291A5B5800785F62 /* NetworkManager */ = {
			isa = PBXGroup;
			children = (
				786750562929FB59005139ED /* User */,
				8E361A4C291A3DEA00785F62 /* Category */,
				8E7E9CB0291B5FF900D09157 /* Tattoo */,
				8E361A4D291A3DF500785F62 /* Magazine */,
				8ECB3A63297E3C8800C140D3 /* Bookmark */,
				8E7E9CCA291BBCA100D09157 /* Address */,
			);
			path = NetworkManager;
			sourceTree = "<group>";
		};
		8E366B2128F5550D00D13BB2 /* DTOConverter */ = {
			isa = PBXGroup;
			children = (
				8EE81FA928F43250001DB7E1 /* DTOConverter.swift */,
			);
			path = DTOConverter;
			sourceTree = "<group>";
		};
		8E6D08FA28FBAB9800600774 /* CatSDKRealmTests */ = {
			isa = PBXGroup;
			children = (
				8E6D08FB28FBACB600600774 /* MockModel.swift */,
				8E6D08FF28FBADE500600774 /* RealmServiceTests.swift */,
			);
			path = CatSDKRealmTests;
			sourceTree = "<group>";
		};
		8E7E9CB0291B5FF900D09157 /* Tattoo */ = {
			isa = PBXGroup;
			children = (
				8E7E9CB1291B600D00D09157 /* CatSDKNetworkTattoo.swift */,
			);
			path = Tattoo;
			sourceTree = "<group>";
		};
		8E7E9CB3291B60B400D09157 /* TattooDTOs */ = {
			isa = PBXGroup;
			children = (
				8E7E9CB4291B60C400D09157 /* TattooListDTO.swift */,
				8E7E9CBB291B792600D09157 /* PostTattooDTO.swift */,
			);
			path = TattooDTOs;
			sourceTree = "<group>";
		};
		8E7E9CB6291B60D400D09157 /* TattooAPIs */ = {
			isa = PBXGroup;
			children = (
				8E7E9CB7291B60E300D09157 /* TattooListAPI.swift */,
				8E7E9CC8291BB89000D09157 /* TattooInSpecificCategoryAPI.swift */,
				8E7E9CBD291B79F500D09157 /* PostTattooAPI.swift */,
			);
			path = TattooAPIs;
			sourceTree = "<group>";
		};
		8E7E9CBF291B85ED00D09157 /* AddressAPIs */ = {
			isa = PBXGroup;
			children = (
				8E7E9CC0291B861000D09157 /* AddressSearchAPI.swift */,
			);
			path = AddressAPIs;
			sourceTree = "<group>";
		};
		8E7E9CC2291B865400D09157 /* AddressDTOs */ = {
			isa = PBXGroup;
			children = (
				8E7E9CC3291B866800D09157 /* AddressSearchDTO.swift */,
			);
			path = AddressDTOs;
			sourceTree = "<group>";
		};
		8E7E9CC5291B9C6600D09157 /* TattooModels */ = {
			isa = PBXGroup;
			children = (
				8E7E9CC6291B9D6B00D09157 /* TattooModel.swift */,
				8E88488E2949D5110039F99A /* PostTattooModel.swift */,
			);
			path = TattooModels;
			sourceTree = "<group>";
		};
		8E7E9CCA291BBCA100D09157 /* Address */ = {
			isa = PBXGroup;
			children = (
				8E7E9CCE291BBD0F00D09157 /* CatSDKNetworkAddress.swift */,
			);
			path = Address;
			sourceTree = "<group>";
		};
		8E7E9CCB291BBCC600D09157 /* AddressModels */ = {
			isa = PBXGroup;
			children = (
				8E7E9CCC291BBCDB00D09157 /* AddressModel.swift */,
			);
			path = AddressModels;
			sourceTree = "<group>";
		};
		8EC953A628EB25DA00E239CC = {
			isa = PBXGroup;
			children = (
				8EC953B228EB25DA00E239CC /* BlackCatSDK */,
				8EC953BE28EB25DA00E239CC /* BlackCatSDKTests */,
				8EC953B128EB25DA00E239CC /* Products */,
				78C8D439293B9F31006A4DF5 /* Frameworks */,
			);
			sourceTree = "<group>";
		};
		8EC953B128EB25DA00E239CC /* Products */ = {
			isa = PBXGroup;
			children = (
				8EC953B028EB25DA00E239CC /* BlackCatSDK.framework */,
				8EC953BA28EB25DA00E239CC /* BlackCatSDKTests.xctest */,
			);
			name = Products;
			sourceTree = "<group>";
		};
		8EC953B228EB25DA00E239CC /* BlackCatSDK */ = {
			isa = PBXGroup;
			children = (
				8EC953CA28EB25E500E239CC /* BlackCatSDK.swift */,
				782728AC29597C0200049436 /* CatSDKLocalStorage */,
				8EE9A0DB28F3FBCE003D7761 /* CatSDKNetwork */,
				78C8D40A2937B142006A4DF5 /* CatSDKUser */,
				78277E7F2966973F004CFDF4 /* CatSDKTattoo */,
				8EE81F9F28F4249B001DB7E1 /* Model */,
				B1D3362A28F1C8DA00826636 /* ThirdParty */,
				8EC953B328EB25DA00E239CC /* BlackCatSDK.h */,
			);
			path = BlackCatSDK;
			sourceTree = "<group>";
		};
		8EC953BE28EB25DA00E239CC /* BlackCatSDKTests */ = {
			isa = PBXGroup;
			children = (
				8E6D08FA28FBAB9800600774 /* CatSDKRealmTests */,
				8EC953BF28EB25DA00E239CC /* BlackCatSDKTests.swift */,
			);
			path = BlackCatSDKTests;
			sourceTree = "<group>";
		};
		8ECB3A5C297E37A700C140D3 /* BookmarkAPIs */ = {
			isa = PBXGroup;
			children = (
				8ECB3A5D297E380200C140D3 /* BookmarkListUserLikedAPI.swift */,
			);
			path = BookmarkAPIs;
			sourceTree = "<group>";
		};
		8ECB3A5F297E382500C140D3 /* BookmarkDTOs */ = {
			isa = PBXGroup;
			children = (
				8ECB3A60297E384700C140D3 /* BookmarkListUserLikedDTO.swift */,
			);
			path = BookmarkDTOs;
			sourceTree = "<group>";
		};
		8ECB3A62297E3C5F00C140D3 /* BookmarkModels */ = {
			isa = PBXGroup;
			children = (
				8ECB3A66297E3D7C00C140D3 /* TattooBookmarkModel.swift */,
			);
			path = BookmarkModels;
			sourceTree = "<group>";
		};
		8ECB3A63297E3C8800C140D3 /* Bookmark */ = {
			isa = PBXGroup;
			children = (
				8ECB3A64297E3C9A00C140D3 /* CatSDKNetworkBookmark.swift */,
			);
			path = Bookmark;
			sourceTree = "<group>";
		};
		8ECFE59E28F821AE007A9F72 /* Model */ = {
			isa = PBXGroup;
			children = (
				8EE81FA028F424BB001DB7E1 /* Model.swift */,
				78C8D3FB2937A29E006A4DF5 /* UserModels */,
				8E361A57291A440100785F62 /* CategoryModels */,
				8E361A5A291A441E00785F62 /* MagazineModels */,
				8E7E9CC5291B9C6600D09157 /* TattooModels */,
				8ECB3A62297E3C5F00C140D3 /* BookmarkModels */,
				8E7E9CCB291BBCC600D09157 /* AddressModels */,
			);
			path = Model;
			sourceTree = "<group>";
		};
		8EE81F9C28F4207B001DB7E1 /* Network */ = {
			isa = PBXGroup;
			children = (
				8EE9A0E628F40388003D7761 /* ServiceAPI.swift */,
				8EE9A0DD28F3FCF2003D7761 /* NetworkService.swift */,
				8E361A46291A2FEC00785F62 /* NetworkService+Rx.swift */,
				8E361A48291A306700785F62 /* NetworkError.swift */,
				8E361A4A291A363D00785F62 /* CatSDKNetworkable.swift */,
			);
			path = Network;
			sourceTree = "<group>";
		};
		8EE81F9F28F4249B001DB7E1 /* Model */ = {
			isa = PBXGroup;
			children = (
				8ECFE59E28F821AE007A9F72 /* Model */,
			);
			path = Model;
			sourceTree = "<group>";
		};
		8EE9A0DB28F3FBCE003D7761 /* CatSDKNetwork */ = {
			isa = PBXGroup;
			children = (
				8E361A68291A5B5800785F62 /* NetworkManager */,
				8EE81F9C28F4207B001DB7E1 /* Network */,
				8EE9A0DC28F3FC88003D7761 /* DTO */,
				8EE9A0E528F40329003D7761 /* API */,
			);
			path = CatSDKNetwork;
			sourceTree = "<group>";
		};
		8EE9A0DC28F3FC88003D7761 /* DTO */ = {
			isa = PBXGroup;
			children = (
				8EE9A0DF28F3FEBF003D7761 /* DTO.swift */,
				7867504429276E39005139ED /* UserDTOs */,
				8E361A50291A3EE800785F62 /* CategoryDTOs */,
				8E361A51291A3EFA00785F62 /* MagazineDTOs */,
				8E7E9CB3291B60B400D09157 /* TattooDTOs */,
				8ECB3A5F297E382500C140D3 /* BookmarkDTOs */,
				8E7E9CC2291B865400D09157 /* AddressDTOs */,
				8E366B2128F5550D00D13BB2 /* DTOConverter */,
			);
			path = DTO;
			sourceTree = "<group>";
		};
		8EE9A0E528F40329003D7761 /* API */ = {
			isa = PBXGroup;
			children = (
				7867504D2927787A005139ED /* UserAPIs */,
				8E361A54291A435A00785F62 /* CategoryAPIs */,
				8E361A5B291A46F000785F62 /* MagazineAPIs */,
				8E7E9CB6291B60D400D09157 /* TattooAPIs */,
				8ECB3A5C297E37A700C140D3 /* BookmarkAPIs */,
				8E7E9CBF291B85ED00D09157 /* AddressAPIs */,
			);
			path = API;
			sourceTree = "<group>";
		};
		B1D3362A28F1C8DA00826636 /* ThirdParty */ = {
			isa = PBXGroup;
			children = (
				78C8D4072937B07E006A4DF5 /* SocialLogin */,
				781C5F7728F5F2810022C8F3 /* CHIPageControl */,
				B1D3362B28F1C8EA00826636 /* ReusableKit */,
			);
			path = ThirdParty;
			sourceTree = "<group>";
		};
		B1D3362B28F1C8EA00826636 /* ReusableKit */ = {
			isa = PBXGroup;
			children = (
				B1D3362C28F1C92F00826636 /* ReusableCell.swift */,
				B1D3362E28F1C95500826636 /* UICollectionView+ReusableKit.swift */,
				B1D3363028F1C97700826636 /* UITableView+ReusableKit.swift */,
				B1D3363228F1C98C00826636 /* UICollectionView+RxReusableKit.swift */,
				B1D3363428F1C9AC00826636 /* UITableView+RxReusableKit.swift */,
			);
			path = ReusableKit;
			sourceTree = "<group>";
		};
/* End PBXGroup section */

/* Begin PBXHeadersBuildPhase section */
		8EC953AB28EB25DA00E239CC /* Headers */ = {
			isa = PBXHeadersBuildPhase;
			buildActionMask = 2147483647;
			files = (
				8EC953C128EB25DA00E239CC /* BlackCatSDK.h in Headers */,
			);
			runOnlyForDeploymentPostprocessing = 0;
		};
/* End PBXHeadersBuildPhase section */

/* Begin PBXNativeTarget section */
		8EC953AF28EB25DA00E239CC /* BlackCatSDK */ = {
			isa = PBXNativeTarget;
			buildConfigurationList = 8EC953C428EB25DA00E239CC /* Build configuration list for PBXNativeTarget "BlackCatSDK" */;
			buildPhases = (
				8EC953AB28EB25DA00E239CC /* Headers */,
				8EC953AC28EB25DA00E239CC /* Sources */,
				8EC953AD28EB25DA00E239CC /* Frameworks */,
				8EC953AE28EB25DA00E239CC /* Resources */,
				78C8D442293BA098006A4DF5 /* Embed Frameworks */,
			);
			buildRules = (
			);
			dependencies = (
			);
			name = BlackCatSDK;
			packageProductDependencies = (
				8E49917028F5206F00742533 /* Moya */,
				8E49917228F5206F00742533 /* ReactiveMoya */,
				8E49917428F5206F00742533 /* RxMoya */,
				B1BCF5E728FC3A16005B6297 /* RxCocoa */,
				B1BCF5E928FC3A16005B6297 /* RxRelay */,
				B1BCF5EB28FC3A16005B6297 /* RxSwift */,
				787D580A293CC26000A3E610 /* KakaoSDK */,
				787D580C293CC26000A3E610 /* KakaoSDKAuth */,
				787D580E293CC26000A3E610 /* KakaoSDKCommon */,
				787D5810293CC26000A3E610 /* KakaoSDKUser */,
				787D5813293CC27600A3E610 /* RxKakaoSDK */,
				787D5815293CC27600A3E610 /* RxKakaoSDKAuth */,
				787D5817293CC27600A3E610 /* RxKakaoSDKCommon */,
				787D5819293CC27600A3E610 /* RxKakaoSDKUser */,
			);
			productName = BlackCatSDK;
			productReference = 8EC953B028EB25DA00E239CC /* BlackCatSDK.framework */;
			productType = "com.apple.product-type.framework";
		};
		8EC953B928EB25DA00E239CC /* BlackCatSDKTests */ = {
			isa = PBXNativeTarget;
			buildConfigurationList = 8EC953C728EB25DA00E239CC /* Build configuration list for PBXNativeTarget "BlackCatSDKTests" */;
			buildPhases = (
				8EC953B628EB25DA00E239CC /* Sources */,
				8EC953B728EB25DA00E239CC /* Frameworks */,
				8EC953B828EB25DA00E239CC /* Resources */,
			);
			buildRules = (
			);
			dependencies = (
				8EC953BD28EB25DA00E239CC /* PBXTargetDependency */,
			);
			name = BlackCatSDKTests;
			productName = BlackCatSDKTests;
			productReference = 8EC953BA28EB25DA00E239CC /* BlackCatSDKTests.xctest */;
			productType = "com.apple.product-type.bundle.unit-test";
		};
/* End PBXNativeTarget section */

/* Begin PBXProject section */
		8EC953A728EB25DA00E239CC /* Project object */ = {
			isa = PBXProject;
			attributes = {
				BuildIndependentTargetsInParallel = 1;
				LastSwiftUpdateCheck = 1400;
				LastUpgradeCheck = 1400;
				TargetAttributes = {
					8EC953AF28EB25DA00E239CC = {
						CreatedOnToolsVersion = 14.0.1;
					};
					8EC953B928EB25DA00E239CC = {
						CreatedOnToolsVersion = 14.0.1;
					};
				};
			};
			buildConfigurationList = 8EC953AA28EB25DA00E239CC /* Build configuration list for PBXProject "BlackCatSDK" */;
			compatibilityVersion = "Xcode 14.0";
			developmentRegion = en;
			hasScannedForEncodings = 0;
			knownRegions = (
				en,
				Base,
			);
			mainGroup = 8EC953A628EB25DA00E239CC;
			packageReferences = (
				8E49916F28F5206F00742533 /* XCRemoteSwiftPackageReference "Moya" */,
				B1BCF5E628FC3A16005B6297 /* XCRemoteSwiftPackageReference "RxSwift" */,
				787D5809293CC26000A3E610 /* XCRemoteSwiftPackageReference "kakao-ios-sdk" */,
				787D5812293CC27600A3E610 /* XCRemoteSwiftPackageReference "kakao-ios-sdk-rx" */,
			);
			productRefGroup = 8EC953B128EB25DA00E239CC /* Products */;
			projectDirPath = "";
			projectRoot = "";
			targets = (
				8EC953AF28EB25DA00E239CC /* BlackCatSDK */,
				8EC953B928EB25DA00E239CC /* BlackCatSDKTests */,
			);
		};
/* End PBXProject section */

/* Begin PBXResourcesBuildPhase section */
		8EC953AE28EB25DA00E239CC /* Resources */ = {
			isa = PBXResourcesBuildPhase;
			buildActionMask = 2147483647;
			files = (
			);
			runOnlyForDeploymentPostprocessing = 0;
		};
		8EC953B828EB25DA00E239CC /* Resources */ = {
			isa = PBXResourcesBuildPhase;
			buildActionMask = 2147483647;
			files = (
			);
			runOnlyForDeploymentPostprocessing = 0;
		};
/* End PBXResourcesBuildPhase section */

/* Begin PBXSourcesBuildPhase section */
		8EC953AC28EB25DA00E239CC /* Sources */ = {
			isa = PBXSourcesBuildPhase;
			buildActionMask = 2147483647;
			files = (
				8E361A4F291A3E3900785F62 /* CatSDKNetworkMagazine.swift in Sources */,
				8EE81FAA28F43250001DB7E1 /* DTOConverter.swift in Sources */,
				8E88488F2949D5110039F99A /* PostTattooModel.swift in Sources */,
				8E7E9CC7291B9D6B00D09157 /* TattooModel.swift in Sources */,
				8E7E9CCF291BBD0F00D09157 /* CatSDKNetworkAddress.swift in Sources */,
				8E361A59291A441500785F62 /* MagazineModel.swift in Sources */,
				7867505329277923005139ED /* UpdateNicknameAPI.swift in Sources */,
				78C8D4092937B0C8006A4DF5 /* BlackCatSocialLoginSDK.swift in Sources */,
				B1D3363328F1C98C00826636 /* UICollectionView+RxReusableKit.swift in Sources */,
				8E7E9CC4291B866800D09157 /* AddressSearchDTO.swift in Sources */,
				781C5F7F28F5F2810022C8F3 /* CHILayer.swift in Sources */,
				B1D3362F28F1C95500826636 /* UICollectionView+ReusableKit.swift in Sources */,
				781C5F8028F5F2810022C8F3 /* CHIPageControlJaloro.swift in Sources */,
				8E361A63291A4DBB00785F62 /* PostMagazineAPI.swift in Sources */,
				781C5F7E28F5F2810022C8F3 /* CHIBasePageControl.swift in Sources */,
				8E361A56291A436C00785F62 /* MagazineListAPI.swift in Sources */,
				8E361A49291A306700785F62 /* NetworkError.swift in Sources */,
				7867504A29277833005139ED /* UpdateRoleDTO.swift in Sources */,
				8E7E9CB5291B60C400D09157 /* TattooListDTO.swift in Sources */,
				8E7E9CCD291BBCDB00D09157 /* AddressModel.swift in Sources */,
				B1D3362D28F1C92F00826636 /* ReusableCell.swift in Sources */,
				8ECB3A65297E3C9A00C140D3 /* CatSDKNetworkBookmark.swift in Sources */,
				7867504629276E81005139ED /* LoginDTO.swift in Sources */,
				8E361A65291A4F7400785F62 /* PostMagazineDTO.swift in Sources */,
				8E361A61291A491900785F62 /* MagazineDetail.swift in Sources */,
				8E361A3F291A198E00785F62 /* CatSDKNetworkCategory.swift in Sources */,
				8E7E9CBC291B792600D09157 /* PostTattooDTO.swift in Sources */,
				781C5F7D28F5F2810022C8F3 /* CHIPageControllable.swift in Sources */,
				8ECB3A5E297E380200C140D3 /* BookmarkListUserLikedAPI.swift in Sources */,
				786750482927781E005139ED /* UpdateNicknameDTO.swift in Sources */,
				8E361A5D291A470400785F62 /* MagazineDetailAPI.swift in Sources */,
				8E361A53291A3F1100785F62 /* MagazineListDTO.swift in Sources */,
				8E7E9CB8291B60E300D09157 /* TattooListAPI.swift in Sources */,
				7867504F29277899005139ED /* LoginAPI.swift in Sources */,
				8EE9A0E028F3FEBF003D7761 /* DTO.swift in Sources */,
				782728AF29597C1700049436 /* UserDefaultManager.swift in Sources */,
				78C8D40C2937B188006A4DF5 /* CatSDKUser.swift in Sources */,
				8E7E9CBE291B79F500D09157 /* PostTattooAPI.swift in Sources */,
				7867504C2927784B005139ED /* UpdateAddressDTO.swift in Sources */,
				8EE81FA128F424BB001DB7E1 /* Model.swift in Sources */,
				8ECB3A67297E3D7C00C140D3 /* TattooBookmarkModel.swift in Sources */,
				B1D3363528F1C9AC00826636 /* UITableView+RxReusableKit.swift in Sources */,
				786750552927792F005139ED /* UpdateAddressAPI.swift in Sources */,
				8ECB3A61297E384700C140D3 /* BookmarkListUserLikedDTO.swift in Sources */,
				78277E8129669768004CFDF4 /* CatSDKTattoo.swift in Sources */,
				8E361A43291A1C2F00785F62 /* CategoryListAPI.swift in Sources */,
				8E361A5F291A478100785F62 /* MagazineDetailDTO.swift in Sources */,
				8E7E9CC1291B861000D09157 /* AddressSearchAPI.swift in Sources */,
				8E7E9CB2291B600D00D09157 /* CatSDKNetworkTattoo.swift in Sources */,
				8E361A4B291A363D00785F62 /* CatSDKNetworkable.swift in Sources */,
				8E7E9CC9291BB89000D09157 /* TattooInSpecificCategoryAPI.swift in Sources */,
				8E361A41291A1B6F00785F62 /* CategoryModel.swift in Sources */,
				8EE9A0E728F40388003D7761 /* ServiceAPI.swift in Sources */,
				8EC953CB28EB25E500E239CC /* BlackCatSDK.swift in Sources */,
				786750582929FE48005139ED /* CatSDKNetworkUser.swift in Sources */,
				8E361A47291A2FEC00785F62 /* NetworkService+Rx.swift in Sources */,
				8E361A67291A530600785F62 /* CreateMagazine.swift in Sources */,
				8E361A3D291A186600785F62 /* CategoryListDTO.swift in Sources */,
				7867505129277910005139ED /* UpdateRoleAPI.swift in Sources */,
				B1D3363128F1C97700826636 /* UITableView+ReusableKit.swift in Sources */,
				8EE9A0DE28F3FCF2003D7761 /* NetworkService.swift in Sources */,
				78C8D3FD2937A2AD006A4DF5 /* UserModel.swift in Sources */,
			);
			runOnlyForDeploymentPostprocessing = 0;
		};
		8EC953B628EB25DA00E239CC /* Sources */ = {
			isa = PBXSourcesBuildPhase;
			buildActionMask = 2147483647;
			files = (
				8E6D090028FBADE500600774 /* RealmServiceTests.swift in Sources */,
				8EC953C028EB25DA00E239CC /* BlackCatSDKTests.swift in Sources */,
				8E6D08FC28FBACB600600774 /* MockModel.swift in Sources */,
			);
			runOnlyForDeploymentPostprocessing = 0;
		};
/* End PBXSourcesBuildPhase section */

/* Begin PBXTargetDependency section */
		8EC953BD28EB25DA00E239CC /* PBXTargetDependency */ = {
			isa = PBXTargetDependency;
			target = 8EC953AF28EB25DA00E239CC /* BlackCatSDK */;
			targetProxy = 8EC953BC28EB25DA00E239CC /* PBXContainerItemProxy */;
		};
/* End PBXTargetDependency section */

/* Begin XCBuildConfiguration section */
		8EC953C228EB25DA00E239CC /* Debug */ = {
			isa = XCBuildConfiguration;
			buildSettings = {
				ALWAYS_SEARCH_USER_PATHS = NO;
				CLANG_ANALYZER_NONNULL = YES;
				CLANG_ANALYZER_NUMBER_OBJECT_CONVERSION = YES_AGGRESSIVE;
				CLANG_CXX_LANGUAGE_STANDARD = "gnu++20";
				CLANG_ENABLE_MODULES = YES;
				CLANG_ENABLE_OBJC_ARC = YES;
				CLANG_ENABLE_OBJC_WEAK = YES;
				CLANG_WARN_BLOCK_CAPTURE_AUTORELEASING = YES;
				CLANG_WARN_BOOL_CONVERSION = YES;
				CLANG_WARN_COMMA = YES;
				CLANG_WARN_CONSTANT_CONVERSION = YES;
				CLANG_WARN_DEPRECATED_OBJC_IMPLEMENTATIONS = YES;
				CLANG_WARN_DIRECT_OBJC_ISA_USAGE = YES_ERROR;
				CLANG_WARN_DOCUMENTATION_COMMENTS = YES;
				CLANG_WARN_EMPTY_BODY = YES;
				CLANG_WARN_ENUM_CONVERSION = YES;
				CLANG_WARN_INFINITE_RECURSION = YES;
				CLANG_WARN_INT_CONVERSION = YES;
				CLANG_WARN_NON_LITERAL_NULL_CONVERSION = YES;
				CLANG_WARN_OBJC_IMPLICIT_RETAIN_SELF = YES;
				CLANG_WARN_OBJC_LITERAL_CONVERSION = YES;
				CLANG_WARN_OBJC_ROOT_CLASS = YES_ERROR;
				CLANG_WARN_QUOTED_INCLUDE_IN_FRAMEWORK_HEADER = YES;
				CLANG_WARN_RANGE_LOOP_ANALYSIS = YES;
				CLANG_WARN_STRICT_PROTOTYPES = YES;
				CLANG_WARN_SUSPICIOUS_MOVE = YES;
				CLANG_WARN_UNGUARDED_AVAILABILITY = YES_AGGRESSIVE;
				CLANG_WARN_UNREACHABLE_CODE = YES;
				CLANG_WARN__DUPLICATE_METHOD_MATCH = YES;
				COPY_PHASE_STRIP = NO;
				CURRENT_PROJECT_VERSION = 1;
				DEBUG_INFORMATION_FORMAT = dwarf;
				ENABLE_STRICT_OBJC_MSGSEND = YES;
				ENABLE_TESTABILITY = YES;
				GCC_C_LANGUAGE_STANDARD = gnu11;
				GCC_DYNAMIC_NO_PIC = NO;
				GCC_NO_COMMON_BLOCKS = YES;
				GCC_OPTIMIZATION_LEVEL = 0;
				GCC_PREPROCESSOR_DEFINITIONS = (
					"DEBUG=1",
					"$(inherited)",
				);
				GCC_WARN_64_TO_32_BIT_CONVERSION = YES;
				GCC_WARN_ABOUT_RETURN_TYPE = YES_ERROR;
				GCC_WARN_UNDECLARED_SELECTOR = YES;
				GCC_WARN_UNINITIALIZED_AUTOS = YES_AGGRESSIVE;
				GCC_WARN_UNUSED_FUNCTION = YES;
				GCC_WARN_UNUSED_VARIABLE = YES;
				IPHONEOS_DEPLOYMENT_TARGET = 13.0;
				MTL_ENABLE_DEBUG_INFO = INCLUDE_SOURCE;
				MTL_FAST_MATH = YES;
				ONLY_ACTIVE_ARCH = YES;
				SDKROOT = iphoneos;
				SWIFT_ACTIVE_COMPILATION_CONDITIONS = DEBUG;
				SWIFT_OPTIMIZATION_LEVEL = "-Onone";
				VERSIONING_SYSTEM = "apple-generic";
				VERSION_INFO_PREFIX = "";
			};
			name = Debug;
		};
		8EC953C328EB25DA00E239CC /* Release */ = {
			isa = XCBuildConfiguration;
			buildSettings = {
				ALWAYS_SEARCH_USER_PATHS = NO;
				CLANG_ANALYZER_NONNULL = YES;
				CLANG_ANALYZER_NUMBER_OBJECT_CONVERSION = YES_AGGRESSIVE;
				CLANG_CXX_LANGUAGE_STANDARD = "gnu++20";
				CLANG_ENABLE_MODULES = YES;
				CLANG_ENABLE_OBJC_ARC = YES;
				CLANG_ENABLE_OBJC_WEAK = YES;
				CLANG_WARN_BLOCK_CAPTURE_AUTORELEASING = YES;
				CLANG_WARN_BOOL_CONVERSION = YES;
				CLANG_WARN_COMMA = YES;
				CLANG_WARN_CONSTANT_CONVERSION = YES;
				CLANG_WARN_DEPRECATED_OBJC_IMPLEMENTATIONS = YES;
				CLANG_WARN_DIRECT_OBJC_ISA_USAGE = YES_ERROR;
				CLANG_WARN_DOCUMENTATION_COMMENTS = YES;
				CLANG_WARN_EMPTY_BODY = YES;
				CLANG_WARN_ENUM_CONVERSION = YES;
				CLANG_WARN_INFINITE_RECURSION = YES;
				CLANG_WARN_INT_CONVERSION = YES;
				CLANG_WARN_NON_LITERAL_NULL_CONVERSION = YES;
				CLANG_WARN_OBJC_IMPLICIT_RETAIN_SELF = YES;
				CLANG_WARN_OBJC_LITERAL_CONVERSION = YES;
				CLANG_WARN_OBJC_ROOT_CLASS = YES_ERROR;
				CLANG_WARN_QUOTED_INCLUDE_IN_FRAMEWORK_HEADER = YES;
				CLANG_WARN_RANGE_LOOP_ANALYSIS = YES;
				CLANG_WARN_STRICT_PROTOTYPES = YES;
				CLANG_WARN_SUSPICIOUS_MOVE = YES;
				CLANG_WARN_UNGUARDED_AVAILABILITY = YES_AGGRESSIVE;
				CLANG_WARN_UNREACHABLE_CODE = YES;
				CLANG_WARN__DUPLICATE_METHOD_MATCH = YES;
				COPY_PHASE_STRIP = NO;
				CURRENT_PROJECT_VERSION = 1;
				DEBUG_INFORMATION_FORMAT = "dwarf-with-dsym";
				ENABLE_NS_ASSERTIONS = NO;
				ENABLE_STRICT_OBJC_MSGSEND = YES;
				GCC_C_LANGUAGE_STANDARD = gnu11;
				GCC_NO_COMMON_BLOCKS = YES;
				GCC_WARN_64_TO_32_BIT_CONVERSION = YES;
				GCC_WARN_ABOUT_RETURN_TYPE = YES_ERROR;
				GCC_WARN_UNDECLARED_SELECTOR = YES;
				GCC_WARN_UNINITIALIZED_AUTOS = YES_AGGRESSIVE;
				GCC_WARN_UNUSED_FUNCTION = YES;
				GCC_WARN_UNUSED_VARIABLE = YES;
				IPHONEOS_DEPLOYMENT_TARGET = 13.0;
				MTL_ENABLE_DEBUG_INFO = NO;
				MTL_FAST_MATH = YES;
				SDKROOT = iphoneos;
				SWIFT_COMPILATION_MODE = wholemodule;
				SWIFT_OPTIMIZATION_LEVEL = "-O";
				VALIDATE_PRODUCT = YES;
				VERSIONING_SYSTEM = "apple-generic";
				VERSION_INFO_PREFIX = "";
			};
			name = Release;
		};
		8EC953C528EB25DA00E239CC /* Debug */ = {
			isa = XCBuildConfiguration;
			buildSettings = {
				CODE_SIGN_IDENTITY = "Apple Development";
				CODE_SIGN_STYLE = Automatic;
				CURRENT_PROJECT_VERSION = 1;
				DEFINES_MODULE = YES;
				DEVELOPMENT_TEAM = Z54MHCPF6U;
				DYLIB_COMPATIBILITY_VERSION = 1;
				DYLIB_CURRENT_VERSION = 1;
				DYLIB_INSTALL_NAME_BASE = "@rpath";
				GENERATE_INFOPLIST_FILE = YES;
				INFOPLIST_KEY_NSHumanReadableCopyright = "";
				INSTALL_PATH = "$(LOCAL_LIBRARY_DIR)/Frameworks";
				IPHONEOS_DEPLOYMENT_TARGET = 13.0;
				LD_RUNPATH_SEARCH_PATHS = (
					"$(inherited)",
					"@executable_path/Frameworks",
					"@loader_path/Frameworks",
				);
				MARKETING_VERSION = 1.0;
				PRODUCT_BUNDLE_IDENTIFIER = kr.co.BlackCatSDK;
				PRODUCT_NAME = "$(TARGET_NAME:c99extidentifier)";
				SKIP_INSTALL = YES;
				SWIFT_EMIT_LOC_STRINGS = YES;
				SWIFT_VERSION = 5.0;
				TARGETED_DEVICE_FAMILY = "1,2";
			};
			name = Debug;
		};
		8EC953C628EB25DA00E239CC /* Release */ = {
			isa = XCBuildConfiguration;
			buildSettings = {
				CODE_SIGN_IDENTITY = "Apple Development";
				CODE_SIGN_STYLE = Automatic;
				CURRENT_PROJECT_VERSION = 1;
				DEFINES_MODULE = YES;
				DEVELOPMENT_TEAM = Z54MHCPF6U;
				DYLIB_COMPATIBILITY_VERSION = 1;
				DYLIB_CURRENT_VERSION = 1;
				DYLIB_INSTALL_NAME_BASE = "@rpath";
				GENERATE_INFOPLIST_FILE = YES;
				INFOPLIST_KEY_NSHumanReadableCopyright = "";
				INSTALL_PATH = "$(LOCAL_LIBRARY_DIR)/Frameworks";
				IPHONEOS_DEPLOYMENT_TARGET = 13.0;
				LD_RUNPATH_SEARCH_PATHS = (
					"$(inherited)",
					"@executable_path/Frameworks",
					"@loader_path/Frameworks",
				);
				MARKETING_VERSION = 1.0;
				PRODUCT_BUNDLE_IDENTIFIER = kr.co.BlackCatSDK;
				PRODUCT_NAME = "$(TARGET_NAME:c99extidentifier)";
				SKIP_INSTALL = YES;
				SWIFT_EMIT_LOC_STRINGS = YES;
				SWIFT_VERSION = 5.0;
				TARGETED_DEVICE_FAMILY = "1,2";
			};
			name = Release;
		};
		8EC953C828EB25DA00E239CC /* Debug */ = {
			isa = XCBuildConfiguration;
			buildSettings = {
				ALWAYS_EMBED_SWIFT_STANDARD_LIBRARIES = YES;
				CODE_SIGN_STYLE = Automatic;
				CURRENT_PROJECT_VERSION = 1;
				GENERATE_INFOPLIST_FILE = YES;
				MARKETING_VERSION = 1.0;
				PRODUCT_BUNDLE_IDENTIFIER = kr.co.BlackCatSDKTests;
				PRODUCT_NAME = "$(TARGET_NAME)";
				SWIFT_EMIT_LOC_STRINGS = NO;
				SWIFT_VERSION = 5.0;
				TARGETED_DEVICE_FAMILY = "1,2";
			};
			name = Debug;
		};
		8EC953C928EB25DA00E239CC /* Release */ = {
			isa = XCBuildConfiguration;
			buildSettings = {
				ALWAYS_EMBED_SWIFT_STANDARD_LIBRARIES = YES;
				CODE_SIGN_STYLE = Automatic;
				CURRENT_PROJECT_VERSION = 1;
				GENERATE_INFOPLIST_FILE = YES;
				MARKETING_VERSION = 1.0;
				PRODUCT_BUNDLE_IDENTIFIER = kr.co.BlackCatSDKTests;
				PRODUCT_NAME = "$(TARGET_NAME)";
				SWIFT_EMIT_LOC_STRINGS = NO;
				SWIFT_VERSION = 5.0;
				TARGETED_DEVICE_FAMILY = "1,2";
			};
			name = Release;
		};
/* End XCBuildConfiguration section */

/* Begin XCConfigurationList section */
		8EC953AA28EB25DA00E239CC /* Build configuration list for PBXProject "BlackCatSDK" */ = {
			isa = XCConfigurationList;
			buildConfigurations = (
				8EC953C228EB25DA00E239CC /* Debug */,
				8EC953C328EB25DA00E239CC /* Release */,
			);
			defaultConfigurationIsVisible = 0;
			defaultConfigurationName = Release;
		};
		8EC953C428EB25DA00E239CC /* Build configuration list for PBXNativeTarget "BlackCatSDK" */ = {
			isa = XCConfigurationList;
			buildConfigurations = (
				8EC953C528EB25DA00E239CC /* Debug */,
				8EC953C628EB25DA00E239CC /* Release */,
			);
			defaultConfigurationIsVisible = 0;
			defaultConfigurationName = Release;
		};
		8EC953C728EB25DA00E239CC /* Build configuration list for PBXNativeTarget "BlackCatSDKTests" */ = {
			isa = XCConfigurationList;
			buildConfigurations = (
				8EC953C828EB25DA00E239CC /* Debug */,
				8EC953C928EB25DA00E239CC /* Release */,
			);
			defaultConfigurationIsVisible = 0;
			defaultConfigurationName = Release;
		};
/* End XCConfigurationList section */

/* Begin XCRemoteSwiftPackageReference section */
		787D5809293CC26000A3E610 /* XCRemoteSwiftPackageReference "kakao-ios-sdk" */ = {
			isa = XCRemoteSwiftPackageReference;
			repositoryURL = "https://github.com/kakao/kakao-ios-sdk";
			requirement = {
				branch = master;
				kind = branch;
			};
		};
		787D5812293CC27600A3E610 /* XCRemoteSwiftPackageReference "kakao-ios-sdk-rx" */ = {
			isa = XCRemoteSwiftPackageReference;
			repositoryURL = "https://github.com/kakao/kakao-ios-sdk-rx";
			requirement = {
				branch = master;
				kind = branch;
			};
		};
		8E49916F28F5206F00742533 /* XCRemoteSwiftPackageReference "Moya" */ = {
			isa = XCRemoteSwiftPackageReference;
			repositoryURL = "https://github.com/Moya/Moya.git";
			requirement = {
				kind = exactVersion;
				version = 15.0.0;
			};
		};
		B1BCF5E628FC3A16005B6297 /* XCRemoteSwiftPackageReference "RxSwift" */ = {
			isa = XCRemoteSwiftPackageReference;
			repositoryURL = "https://github.com/ReactiveX/RxSwift";
			requirement = {
				kind = upToNextMinorVersion;
				minimumVersion = 6.5.0;
			};
		};
/* End XCRemoteSwiftPackageReference section */

/* Begin XCSwiftPackageProductDependency section */
		787D580A293CC26000A3E610 /* KakaoSDK */ = {
			isa = XCSwiftPackageProductDependency;
			package = 787D5809293CC26000A3E610 /* XCRemoteSwiftPackageReference "kakao-ios-sdk" */;
			productName = KakaoSDK;
		};
		787D580C293CC26000A3E610 /* KakaoSDKAuth */ = {
			isa = XCSwiftPackageProductDependency;
			package = 787D5809293CC26000A3E610 /* XCRemoteSwiftPackageReference "kakao-ios-sdk" */;
			productName = KakaoSDKAuth;
		};
		787D580E293CC26000A3E610 /* KakaoSDKCommon */ = {
			isa = XCSwiftPackageProductDependency;
			package = 787D5809293CC26000A3E610 /* XCRemoteSwiftPackageReference "kakao-ios-sdk" */;
			productName = KakaoSDKCommon;
		};
		787D5810293CC26000A3E610 /* KakaoSDKUser */ = {
			isa = XCSwiftPackageProductDependency;
			package = 787D5809293CC26000A3E610 /* XCRemoteSwiftPackageReference "kakao-ios-sdk" */;
			productName = KakaoSDKUser;
		};
		787D5813293CC27600A3E610 /* RxKakaoSDK */ = {
			isa = XCSwiftPackageProductDependency;
			package = 787D5812293CC27600A3E610 /* XCRemoteSwiftPackageReference "kakao-ios-sdk-rx" */;
			productName = RxKakaoSDK;
		};
		787D5815293CC27600A3E610 /* RxKakaoSDKAuth */ = {
			isa = XCSwiftPackageProductDependency;
			package = 787D5812293CC27600A3E610 /* XCRemoteSwiftPackageReference "kakao-ios-sdk-rx" */;
			productName = RxKakaoSDKAuth;
		};
		787D5817293CC27600A3E610 /* RxKakaoSDKCommon */ = {
			isa = XCSwiftPackageProductDependency;
			package = 787D5812293CC27600A3E610 /* XCRemoteSwiftPackageReference "kakao-ios-sdk-rx" */;
			productName = RxKakaoSDKCommon;
		};
		787D5819293CC27600A3E610 /* RxKakaoSDKUser */ = {
			isa = XCSwiftPackageProductDependency;
			package = 787D5812293CC27600A3E610 /* XCRemoteSwiftPackageReference "kakao-ios-sdk-rx" */;
			productName = RxKakaoSDKUser;
		};
		8E49917028F5206F00742533 /* Moya */ = {
			isa = XCSwiftPackageProductDependency;
			package = 8E49916F28F5206F00742533 /* XCRemoteSwiftPackageReference "Moya" */;
			productName = Moya;
		};
		8E49917228F5206F00742533 /* ReactiveMoya */ = {
			isa = XCSwiftPackageProductDependency;
			package = 8E49916F28F5206F00742533 /* XCRemoteSwiftPackageReference "Moya" */;
			productName = ReactiveMoya;
		};
		8E49917428F5206F00742533 /* RxMoya */ = {
			isa = XCSwiftPackageProductDependency;
			package = 8E49916F28F5206F00742533 /* XCRemoteSwiftPackageReference "Moya" */;
			productName = RxMoya;
		};
		B1BCF5E728FC3A16005B6297 /* RxCocoa */ = {
			isa = XCSwiftPackageProductDependency;
			package = B1BCF5E628FC3A16005B6297 /* XCRemoteSwiftPackageReference "RxSwift" */;
			productName = RxCocoa;
		};
		B1BCF5E928FC3A16005B6297 /* RxRelay */ = {
			isa = XCSwiftPackageProductDependency;
			package = B1BCF5E628FC3A16005B6297 /* XCRemoteSwiftPackageReference "RxSwift" */;
			productName = RxRelay;
		};
		B1BCF5EB28FC3A16005B6297 /* RxSwift */ = {
			isa = XCSwiftPackageProductDependency;
			package = B1BCF5E628FC3A16005B6297 /* XCRemoteSwiftPackageReference "RxSwift" */;
			productName = RxSwift;
		};
/* End XCSwiftPackageProductDependency section */
	};
	rootObject = 8EC953A728EB25DA00E239CC /* Project object */;
}
